PODS:
  - Realm (20.0.0):
    - Realm/Headers (= 20.0.0)
  - Realm/Headers (20.0.0)
  - RealmSwift (20.0.0):
    - Realm (= 20.0.0)

DEPENDENCIES:
  - RealmSwift

SPEC REPOS:
  trunk:
    - Realm
    - RealmSwift

SPEC CHECKSUMS:
  Realm: a799b5f9145623fb0bfe149fe81422863631dd0f
  RealmSwift: f8c4354ebd5053343e6ab9f4eda244145308a51e

PODFILE CHECKSUM: eb359c96c1b56fed79c6023a1a147994e44f3764

COCOAPODS: 1.15.2
